
Microsoft Visual Studio Solution File, Format Version 12.00
# Visual Studio Version 17
VisualStudioVersion = 17.5.33424.131
MinimumVisualStudioVersion = 10.0.40219.1
Project("{FAE04EC0-301F-11D3-BF4B-00C04F79EFBC}") = "ProyectoFinalDCU", "ProyectoFinalDCU\ProyectoFinalDCU.csproj", "{ACF380A0-E309-4647-BA60-19AC20FCFB07}"
EndProject
Global
	GlobalSection(SolutionConfigurationPlatforms) = preSolution
		Debug|Any CPU = Debug|Any CPU
		Release|Any CPU = Release|Any CPU
	EndGlobalSection
	GlobalSection(ProjectConfigurationPlatforms) = postSolution
		{ACF380A0-E309-4647-BA60-19AC20FCFB07}.Debug|Any CPU.ActiveCfg = Debug|Any CPU
		{ACF380A0-E309-4647-BA60-19AC20FCFB07}.Debug|Any CPU.Build.0 = Debug|Any CPU
		{ACF380A0-E309-4647-BA60-19AC20FCFB07}.Release|Any CPU.ActiveCfg = Release|Any CPU
		{ACF380A0-E309-4647-BA60-19AC20FCFB07}.Release|Any CPU.Build.0 = Release|Any CPU
	EndGlobalSection
	GlobalSection(SolutionProperties) = preSolution
		HideSolutionNode = FALSE
	EndGlobalSection
	GlobalSection(ExtensibilityGlobals) = postSolution
		SolutionGuid = {84198490-50B9-48E8-94A0-7723E1E054E5}
	EndGlobalSection
EndGlobal
